--- 
dependencies: 
  haml: 
    group: 
    - :default
    version: ">= 0"
    require: 
    - haml
    - sass
  newrelic_rpm: 
    group: 
    - :production
    version: ">= 0"
  yui-compressor: 
    group: 
    - :tools
    version: ">= 0"
    require: 
    - yui/compressor
  thin: 
    group: 
    - :development
    version: ">= 0"
  sinatra: 
    group: 
    - :default
    version: ">= 1.0"
  rdiscount: 
    group: 
    - :default
    version: ">= 0"
  shotgun: 
    group: 
    - :development
    version: ">= 0"
specs: 
- daemons: 
    version: 1.0.10
- eventmachine: 
    version: 0.12.10
- haml: 
    version: 2.2.23
- newrelic_rpm: 
    version: 2.11.2
- rack: 
    version: 1.1.0
- rdiscount: 
    version: 1.6.3.1
- shotgun: 
    version: "0.6"
- sinatra: 
    version: "1.0"
- thin: 
    version: 1.2.7
- yui-compressor: 
    version: 0.9.1
hash: 3c0170b578a07513972415a89ca5d221d93d912d
sources: 
- Rubygems: 
    uri: http://gemcutter.org
